
Microsoft Visual Studio Solution File, Format Version 12.00
# Visual Studio Version 17
VisualStudioVersion = 17.2.32516.85
MinimumVisualStudioVersion = 10.0.40219.1
Project("{9A19103F-16F7-4668-BE54-9A1E7A4F7556}") = "854Prova_RobsonTakeshiNishikawa", "854Prova_RobsonTakeshiNishikawa\854Prova_RobsonTakeshiNishikawa.csproj", "{5C6ABE4C-7859-4012-82AC-8175744AA675}"
EndProject
Global
	GlobalSection(SolutionConfigurationPlatforms) = preSolution
		Debug|Any CPU = Debug|Any CPU
		Release|Any CPU = Release|Any CPU
	EndGlobalSection
	GlobalSection(ProjectConfigurationPlatforms) = postSolution
		{5C6ABE4C-7859-4012-82AC-8175744AA675}.Debug|Any CPU.ActiveCfg = Debug|Any CPU
		{5C6ABE4C-7859-4012-82AC-8175744AA675}.Debug|Any CPU.Build.0 = Debug|Any CPU
		{5C6ABE4C-7859-4012-82AC-8175744AA675}.Release|Any CPU.ActiveCfg = Release|Any CPU
		{5C6ABE4C-7859-4012-82AC-8175744AA675}.Release|Any CPU.Build.0 = Release|Any CPU
	EndGlobalSection
	GlobalSection(SolutionProperties) = preSolution
		HideSolutionNode = FALSE
	EndGlobalSection
	GlobalSection(ExtensibilityGlobals) = postSolution
		SolutionGuid = {71B5C07B-9EC4-4133-A5B3-35D287A33182}
	EndGlobalSection
EndGlobal
